{
    "_meta": {
        "hash": {
            "sha256": "bd080bc58cec336302f7c989e69b93a2647283a3b255977d271cee147fae3226"
        },
        "pipfile-spec": 6,
        "requires": {
            "python_version": "3.7"
        },
        "sources": [
            {
                "name": "pypi",
                "url": "https://pypi.org/simple",
                "verify_ssl": true
            }
        ]
    },
    "default": {
        "django": {
            "hashes": [
                "sha256:c007dba5086061f7d0f4d88a3bc4016d881a7eede86d6c1c4fdbbaadddd53f1d",
                "sha256:c213590aa8599b17a9a914ab017f7dc6fc16c9c69603ecf071100346b8d9d777"
            ],
            "index": "pypi",
            "version": "==1.9.13"
        }
    },
    "develop": {}
}
